// !$*UTF8*$!
{
	archiveVersion = 1;
	classes = {
	};
	objectVersion = 56;
	objects = {

/* Begin PBXBuildFile section */
		9A3091FF2B49AB6F00A9FA5F /* ParameterEncoding.swift in Sources */ = {isa = PBXBuildFile; fileRef = 9A3091FE2B49AB6F00A9FA5F /* ParameterEncoding.swift */; };
		9A3092032B49AC0D00A9FA5F /* EndPointType.swift in Sources */ = {isa = PBXBuildFile; fileRef = 9A3092022B49AC0D00A9FA5F /* EndPointType.swift */; };
		9A3092052B49AC2100A9FA5F /* HTTPMethod.swift in Sources */ = {isa = PBXBuildFile; fileRef = 9A3092042B49AC2100A9FA5F /* HTTPMethod.swift */; };
		9A3092072B49AC3800A9FA5F /* HTTPTask.swift in Sources */ = {isa = PBXBuildFile; fileRef = 9A3092062B49AC3800A9FA5F /* HTTPTask.swift */; };
		9A3092092B49BA6600A9FA5F /* JSONParameterEncoder.swift in Sources */ = {isa = PBXBuildFile; fileRef = 9A3092082B49BA6600A9FA5F /* JSONParameterEncoder.swift */; };
		9A30920B2B49BA8F00A9FA5F /* URLParameterEncoder.swift in Sources */ = {isa = PBXBuildFile; fileRef = 9A30920A2B49BA8E00A9FA5F /* URLParameterEncoder.swift */; };
		9A30920D2B49C58D00A9FA5F /* NetworkRouter.swift in Sources */ = {isa = PBXBuildFile; fileRef = 9A30920C2B49C58D00A9FA5F /* NetworkRouter.swift */; };
		9A30920F2B49C8D500A9FA5F /* NetworkLogger.swift in Sources */ = {isa = PBXBuildFile; fileRef = 9A30920E2B49C8D500A9FA5F /* NetworkLogger.swift */; };
		9A3092122B4AEAE600A9FA5F /* RedditTarget.swift in Sources */ = {isa = PBXBuildFile; fileRef = 9A3092112B4AEAE600A9FA5F /* RedditTarget.swift */; };
		9A3092152B4AEBA700A9FA5F /* NetworkManager.swift in Sources */ = {isa = PBXBuildFile; fileRef = 9A3092142B4AEBA700A9FA5F /* NetworkManager.swift */; };
		9A3092182B4AEBF200A9FA5F /* FeedItem.swift in Sources */ = {isa = PBXBuildFile; fileRef = 9A3092172B4AEBF200A9FA5F /* FeedItem.swift */; };
		9A30921B2B4B0C3D00A9FA5F /* FeedItemCell.swift in Sources */ = {isa = PBXBuildFile; fileRef = 9A30921A2B4B0C3D00A9FA5F /* FeedItemCell.swift */; };
		9A30921D2B4B0C6000A9FA5F /* FeedItemCell.xib in Resources */ = {isa = PBXBuildFile; fileRef = 9A30921C2B4B0C6000A9FA5F /* FeedItemCell.xib */; };
		9A30921F2B4B0F5F00A9FA5F /* Reusable.swift in Sources */ = {isa = PBXBuildFile; fileRef = 9A30921E2B4B0F5F00A9FA5F /* Reusable.swift */; };
		9A3092212B4B0FC900A9FA5F /* UITableView+RegisterCell.swift in Sources */ = {isa = PBXBuildFile; fileRef = 9A3092202B4B0FC900A9FA5F /* UITableView+RegisterCell.swift */; };
		9A3092232B4B134B00A9FA5F /* Feed.swift in Sources */ = {isa = PBXBuildFile; fileRef = 9A3092222B4B134B00A9FA5F /* Feed.swift */; };
		9ABC01BA2B4479DA0067A4F4 /* AppDelegate.swift in Sources */ = {isa = PBXBuildFile; fileRef = 9ABC01B92B4479DA0067A4F4 /* AppDelegate.swift */; };
		9ABC01BE2B4479DA0067A4F4 /* FeedViewController.swift in Sources */ = {isa = PBXBuildFile; fileRef = 9ABC01BD2B4479DA0067A4F4 /* FeedViewController.swift */; };
		9ABC01C32B4479DB0067A4F4 /* Assets.xcassets in Resources */ = {isa = PBXBuildFile; fileRef = 9ABC01C22B4479DB0067A4F4 /* Assets.xcassets */; };
		9ABC01D12B4479DB0067A4F4 /* RedditReaderMVPTests.swift in Sources */ = {isa = PBXBuildFile; fileRef = 9ABC01D02B4479DB0067A4F4 /* RedditReaderMVPTests.swift */; };
		9ABC01DB2B4479DB0067A4F4 /* RedditReaderMVPUITests.swift in Sources */ = {isa = PBXBuildFile; fileRef = 9ABC01DA2B4479DB0067A4F4 /* RedditReaderMVPUITests.swift */; };
		9ABC01DD2B4479DB0067A4F4 /* RedditReaderMVPUITestsLaunchTests.swift in Sources */ = {isa = PBXBuildFile; fileRef = 9ABC01DC2B4479DB0067A4F4 /* RedditReaderMVPUITestsLaunchTests.swift */; };
		9ABC01F52B44891A0067A4F4 /* FeedView.swift in Sources */ = {isa = PBXBuildFile; fileRef = 9ABC01F42B44891A0067A4F4 /* FeedView.swift */; };
		9ABC01F72B4489220067A4F4 /* FeedView.xib in Resources */ = {isa = PBXBuildFile; fileRef = 9ABC01F62B4489220067A4F4 /* FeedView.xib */; };
		9ABC01FA2B448BEB0067A4F4 /* XibLoadable.swift in Sources */ = {isa = PBXBuildFile; fileRef = 9ABC01EF2B4485C00067A4F4 /* XibLoadable.swift */; };
		9ABC01FD2B448C4E0067A4F4 /* UIView+NibLoading.swift in Sources */ = {isa = PBXBuildFile; fileRef = 9ABC01FC2B448C4E0067A4F4 /* UIView+NibLoading.swift */; };
		9ABC01FF2B448D4B0067A4F4 /* FeedPresenter.swift in Sources */ = {isa = PBXBuildFile; fileRef = 9ABC01FE2B448D4B0067A4F4 /* FeedPresenter.swift */; };
		9AF5E3672B509F89007D3EFB /* MediaTarget.swift in Sources */ = {isa = PBXBuildFile; fileRef = 9AF5E3662B509F89007D3EFB /* MediaTarget.swift */; };
		9AF5E36A2B50AD55007D3EFB /* ImageService.swift in Sources */ = {isa = PBXBuildFile; fileRef = 9AF5E3692B50AD55007D3EFB /* ImageService.swift */; };
		9AF5E36C2B50B294007D3EFB /* UIImageView+Download.swift in Sources */ = {isa = PBXBuildFile; fileRef = 9AF5E36B2B50B294007D3EFB /* UIImageView+Download.swift */; };
/* End PBXBuildFile section */

/* Begin PBXContainerItemProxy section */
		9ABC01CD2B4479DB0067A4F4 /* PBXContainerItemProxy */ = {
			isa = PBXContainerItemProxy;
			containerPortal = 9ABC01AE2B4479DA0067A4F4 /* Project object */;
			proxyType = 1;
			remoteGlobalIDString = 9ABC01B52B4479DA0067A4F4;
			remoteInfo = RedditReaderMVP;
		};
		9ABC01D72B4479DB0067A4F4 /* PBXContainerItemProxy */ = {
			isa = PBXContainerItemProxy;
			containerPortal = 9ABC01AE2B4479DA0067A4F4 /* Project object */;
			proxyType = 1;
			remoteGlobalIDString = 9ABC01B52B4479DA0067A4F4;
			remoteInfo = RedditReaderMVP;
		};
/* End PBXContainerItemProxy section */

/* Begin PBXFileReference section */
		9A3091FE2B49AB6F00A9FA5F /* ParameterEncoding.swift */ = {isa = PBXFileReference; lastKnownFileType = sourcecode.swift; path = ParameterEncoding.swift; sourceTree = "<group>"; };
		9A3092022B49AC0D00A9FA5F /* EndPointType.swift */ = {isa = PBXFileReference; lastKnownFileType = sourcecode.swift; path = EndPointType.swift; sourceTree = "<group>"; };
		9A3092042B49AC2100A9FA5F /* HTTPMethod.swift */ = {isa = PBXFileReference; lastKnownFileType = sourcecode.swift; path = HTTPMethod.swift; sourceTree = "<group>"; };
		9A3092062B49AC3800A9FA5F /* HTTPTask.swift */ = {isa = PBXFileReference; lastKnownFileType = sourcecode.swift; path = HTTPTask.swift; sourceTree = "<group>"; };
		9A3092082B49BA6600A9FA5F /* JSONParameterEncoder.swift */ = {isa = PBXFileReference; lastKnownFileType = sourcecode.swift; path = JSONParameterEncoder.swift; sourceTree = "<group>"; };
		9A30920A2B49BA8E00A9FA5F /* URLParameterEncoder.swift */ = {isa = PBXFileReference; lastKnownFileType = sourcecode.swift; path = URLParameterEncoder.swift; sourceTree = "<group>"; };
		9A30920C2B49C58D00A9FA5F /* NetworkRouter.swift */ = {isa = PBXFileReference; lastKnownFileType = sourcecode.swift; path = NetworkRouter.swift; sourceTree = "<group>"; };
		9A30920E2B49C8D500A9FA5F /* NetworkLogger.swift */ = {isa = PBXFileReference; lastKnownFileType = sourcecode.swift; path = NetworkLogger.swift; sourceTree = "<group>"; };
		9A3092112B4AEAE600A9FA5F /* RedditTarget.swift */ = {isa = PBXFileReference; lastKnownFileType = sourcecode.swift; path = RedditTarget.swift; sourceTree = "<group>"; };
		9A3092142B4AEBA700A9FA5F /* NetworkManager.swift */ = {isa = PBXFileReference; lastKnownFileType = sourcecode.swift; path = NetworkManager.swift; sourceTree = "<group>"; };
		9A3092172B4AEBF200A9FA5F /* FeedItem.swift */ = {isa = PBXFileReference; lastKnownFileType = sourcecode.swift; path = FeedItem.swift; sourceTree = "<group>"; };
		9A30921A2B4B0C3D00A9FA5F /* FeedItemCell.swift */ = {isa = PBXFileReference; lastKnownFileType = sourcecode.swift; path = FeedItemCell.swift; sourceTree = "<group>"; };
		9A30921C2B4B0C6000A9FA5F /* FeedItemCell.xib */ = {isa = PBXFileReference; lastKnownFileType = file.xib; path = FeedItemCell.xib; sourceTree = "<group>"; };
		9A30921E2B4B0F5F00A9FA5F /* Reusable.swift */ = {isa = PBXFileReference; lastKnownFileType = sourcecode.swift; path = Reusable.swift; sourceTree = "<group>"; };
		9A3092202B4B0FC900A9FA5F /* UITableView+RegisterCell.swift */ = {isa = PBXFileReference; lastKnownFileType = sourcecode.swift; path = "UITableView+RegisterCell.swift"; sourceTree = "<group>"; };
		9A3092222B4B134B00A9FA5F /* Feed.swift */ = {isa = PBXFileReference; lastKnownFileType = sourcecode.swift; path = Feed.swift; sourceTree = "<group>"; };
		9ABC01B62B4479DA0067A4F4 /* RedditReaderMVP.app */ = {isa = PBXFileReference; explicitFileType = wrapper.application; includeInIndex = 0; path = RedditReaderMVP.app; sourceTree = BUILT_PRODUCTS_DIR; };
		9ABC01B92B4479DA0067A4F4 /* AppDelegate.swift */ = {isa = PBXFileReference; lastKnownFileType = sourcecode.swift; path = AppDelegate.swift; sourceTree = "<group>"; };
		9ABC01BD2B4479DA0067A4F4 /* FeedViewController.swift */ = {isa = PBXFileReference; lastKnownFileType = sourcecode.swift; path = FeedViewController.swift; sourceTree = "<group>"; };
		9ABC01C22B4479DB0067A4F4 /* Assets.xcassets */ = {isa = PBXFileReference; lastKnownFileType = folder.assetcatalog; path = Assets.xcassets; sourceTree = "<group>"; };
		9ABC01C72B4479DB0067A4F4 /* Info.plist */ = {isa = PBXFileReference; lastKnownFileType = text.plist.xml; path = Info.plist; sourceTree = "<group>"; };
		9ABC01CC2B4479DB0067A4F4 /* RedditReaderMVPTests.xctest */ = {isa = PBXFileReference; explicitFileType = wrapper.cfbundle; includeInIndex = 0; path = RedditReaderMVPTests.xctest; sourceTree = BUILT_PRODUCTS_DIR; };
		9ABC01D02B4479DB0067A4F4 /* RedditReaderMVPTests.swift */ = {isa = PBXFileReference; lastKnownFileType = sourcecode.swift; path = RedditReaderMVPTests.swift; sourceTree = "<group>"; };
		9ABC01D62B4479DB0067A4F4 /* RedditReaderMVPUITests.xctest */ = {isa = PBXFileReference; explicitFileType = wrapper.cfbundle; includeInIndex = 0; path = RedditReaderMVPUITests.xctest; sourceTree = BUILT_PRODUCTS_DIR; };
		9ABC01DA2B4479DB0067A4F4 /* RedditReaderMVPUITests.swift */ = {isa = PBXFileReference; lastKnownFileType = sourcecode.swift; path = RedditReaderMVPUITests.swift; sourceTree = "<group>"; };
		9ABC01DC2B4479DB0067A4F4 /* RedditReaderMVPUITestsLaunchTests.swift */ = {isa = PBXFileReference; lastKnownFileType = sourcecode.swift; path = RedditReaderMVPUITestsLaunchTests.swift; sourceTree = "<group>"; };
		9ABC01EF2B4485C00067A4F4 /* XibLoadable.swift */ = {isa = PBXFileReference; lastKnownFileType = sourcecode.swift; path = XibLoadable.swift; sourceTree = "<group>"; };
		9ABC01F42B44891A0067A4F4 /* FeedView.swift */ = {isa = PBXFileReference; lastKnownFileType = sourcecode.swift; path = FeedView.swift; sourceTree = "<group>"; };
		9ABC01F62B4489220067A4F4 /* FeedView.xib */ = {isa = PBXFileReference; lastKnownFileType = file.xib; path = FeedView.xib; sourceTree = "<group>"; };
		9ABC01FC2B448C4E0067A4F4 /* UIView+NibLoading.swift */ = {isa = PBXFileReference; lastKnownFileType = sourcecode.swift; path = "UIView+NibLoading.swift"; sourceTree = "<group>"; };
		9ABC01FE2B448D4B0067A4F4 /* FeedPresenter.swift */ = {isa = PBXFileReference; lastKnownFileType = sourcecode.swift; path = FeedPresenter.swift; sourceTree = "<group>"; };
		9AF5E3662B509F89007D3EFB /* MediaTarget.swift */ = {isa = PBXFileReference; lastKnownFileType = sourcecode.swift; path = MediaTarget.swift; sourceTree = "<group>"; };
		9AF5E3692B50AD55007D3EFB /* ImageService.swift */ = {isa = PBXFileReference; lastKnownFileType = sourcecode.swift; path = ImageService.swift; sourceTree = "<group>"; };
		9AF5E36B2B50B294007D3EFB /* UIImageView+Download.swift */ = {isa = PBXFileReference; lastKnownFileType = sourcecode.swift; path = "UIImageView+Download.swift"; sourceTree = "<group>"; };
/* End PBXFileReference section */

/* Begin PBXFrameworksBuildPhase section */
		9ABC01B32B4479DA0067A4F4 /* Frameworks */ = {
			isa = PBXFrameworksBuildPhase;
			buildActionMask = 2147483647;
			files = (
			);
			runOnlyForDeploymentPostprocessing = 0;
		};
		9ABC01C92B4479DB0067A4F4 /* Frameworks */ = {
			isa = PBXFrameworksBuildPhase;
			buildActionMask = 2147483647;
			files = (
			);
			runOnlyForDeploymentPostprocessing = 0;
		};
		9ABC01D32B4479DB0067A4F4 /* Frameworks */ = {
			isa = PBXFrameworksBuildPhase;
			buildActionMask = 2147483647;
			files = (
			);
			runOnlyForDeploymentPostprocessing = 0;
		};
/* End PBXFrameworksBuildPhase section */

/* Begin PBXGroup section */
		9A3091FA2B49A7B000A9FA5F /* Services */ = {
			isa = PBXGroup;
			children = (
				9AF5E3682B50AD4B007D3EFB /* ImageService */,
				9A3091FB2B49A7B800A9FA5F /* Networking */,
			);
			path = Services;
			sourceTree = "<group>";
		};
		9A3091FB2B49A7B800A9FA5F /* Networking */ = {
			isa = PBXGroup;
			children = (
				9A3092102B4AEAD800A9FA5F /* Endpoint */,
				9A3092002B49ABD700A9FA5F /* Encoding */,
				9A3092132B4AEB9900A9FA5F /* Manager */,
				9A3092012B49AC0600A9FA5F /* Service */,
			);
			path = Networking;
			sourceTree = "<group>";
		};
		9A3092002B49ABD700A9FA5F /* Encoding */ = {
			isa = PBXGroup;
			children = (
				9A3091FE2B49AB6F00A9FA5F /* ParameterEncoding.swift */,
				9A3092082B49BA6600A9FA5F /* JSONParameterEncoder.swift */,
				9A30920A2B49BA8E00A9FA5F /* URLParameterEncoder.swift */,
			);
			path = Encoding;
			sourceTree = "<group>";
		};
		9A3092012B49AC0600A9FA5F /* Service */ = {
			isa = PBXGroup;
			children = (
				9A3092022B49AC0D00A9FA5F /* EndPointType.swift */,
				9A3092042B49AC2100A9FA5F /* HTTPMethod.swift */,
				9A3092062B49AC3800A9FA5F /* HTTPTask.swift */,
				9A30920C2B49C58D00A9FA5F /* NetworkRouter.swift */,
				9A30920E2B49C8D500A9FA5F /* NetworkLogger.swift */,
			);
			path = Service;
			sourceTree = "<group>";
		};
		9A3092102B4AEAD800A9FA5F /* Endpoint */ = {
			isa = PBXGroup;
			children = (
				9A3092112B4AEAE600A9FA5F /* RedditTarget.swift */,
				9AF5E3662B509F89007D3EFB /* MediaTarget.swift */,
			);
			path = Endpoint;
			sourceTree = "<group>";
		};
		9A3092132B4AEB9900A9FA5F /* Manager */ = {
			isa = PBXGroup;
			children = (
				9A3092142B4AEBA700A9FA5F /* NetworkManager.swift */,
			);
			path = Manager;
			sourceTree = "<group>";
		};
		9A3092162B4AEBE200A9FA5F /* Models */ = {
			isa = PBXGroup;
			children = (
				9A3092222B4B134B00A9FA5F /* Feed.swift */,
				9A3092172B4AEBF200A9FA5F /* FeedItem.swift */,
			);
			path = Models;
			sourceTree = "<group>";
		};
		9A3092192B4B0C1300A9FA5F /* Views */ = {
			isa = PBXGroup;
			children = (
				9ABC01F42B44891A0067A4F4 /* FeedView.swift */,
				9ABC01F62B4489220067A4F4 /* FeedView.xib */,
				9A30921A2B4B0C3D00A9FA5F /* FeedItemCell.swift */,
				9A30921C2B4B0C6000A9FA5F /* FeedItemCell.xib */,
			);
			path = Views;
			sourceTree = "<group>";
		};
		9ABC01AD2B4479DA0067A4F4 = {
			isa = PBXGroup;
			children = (
				9ABC01B82B4479DA0067A4F4 /* RedditReaderMVP */,
				9ABC01CF2B4479DB0067A4F4 /* RedditReaderMVPTests */,
				9ABC01D92B4479DB0067A4F4 /* RedditReaderMVPUITests */,
				9ABC01B72B4479DA0067A4F4 /* Products */,
			);
			sourceTree = "<group>";
		};
		9ABC01B72B4479DA0067A4F4 /* Products */ = {
			isa = PBXGroup;
			children = (
				9ABC01B62B4479DA0067A4F4 /* RedditReaderMVP.app */,
				9ABC01CC2B4479DB0067A4F4 /* RedditReaderMVPTests.xctest */,
				9ABC01D62B4479DB0067A4F4 /* RedditReaderMVPUITests.xctest */,
			);
			name = Products;
			sourceTree = "<group>";
		};
		9ABC01B82B4479DA0067A4F4 /* RedditReaderMVP */ = {
			isa = PBXGroup;
			children = (
				9ABC01B92B4479DA0067A4F4 /* AppDelegate.swift */,
				9ABC01F32B4488E50067A4F4 /* Resources */,
				9A3091FA2B49A7B000A9FA5F /* Services */,
				9ABC01EE2B44859F0067A4F4 /* Helpers */,
				9ABC01E92B4482780067A4F4 /* Extensions */,
				9ABC01F12B44888C0067A4F4 /* UI */,
				9ABC01C72B4479DB0067A4F4 /* Info.plist */,
			);
			path = RedditReaderMVP;
			sourceTree = "<group>";
		};
		9ABC01CF2B4479DB0067A4F4 /* RedditReaderMVPTests */ = {
			isa = PBXGroup;
			children = (
				9ABC01D02B4479DB0067A4F4 /* RedditReaderMVPTests.swift */,
			);
			path = RedditReaderMVPTests;
			sourceTree = "<group>";
		};
		9ABC01D92B4479DB0067A4F4 /* RedditReaderMVPUITests */ = {
			isa = PBXGroup;
			children = (
				9ABC01DA2B4479DB0067A4F4 /* RedditReaderMVPUITests.swift */,
				9ABC01DC2B4479DB0067A4F4 /* RedditReaderMVPUITestsLaunchTests.swift */,
			);
			path = RedditReaderMVPUITests;
			sourceTree = "<group>";
		};
		9ABC01E92B4482780067A4F4 /* Extensions */ = {
			isa = PBXGroup;
			children = (
				9ABC01FC2B448C4E0067A4F4 /* UIView+NibLoading.swift */,
				9A3092202B4B0FC900A9FA5F /* UITableView+RegisterCell.swift */,
				9AF5E36B2B50B294007D3EFB /* UIImageView+Download.swift */,
			);
			path = Extensions;
			sourceTree = "<group>";
		};
		9ABC01EE2B44859F0067A4F4 /* Helpers */ = {
			isa = PBXGroup;
			children = (
				9ABC01EF2B4485C00067A4F4 /* XibLoadable.swift */,
				9A30921E2B4B0F5F00A9FA5F /* Reusable.swift */,
			);
			path = Helpers;
			sourceTree = "<group>";
		};
		9ABC01F12B44888C0067A4F4 /* UI */ = {
			isa = PBXGroup;
			children = (
				9ABC01F22B44889A0067A4F4 /* Feed */,
			);
			path = UI;
			sourceTree = "<group>";
		};
		9ABC01F22B44889A0067A4F4 /* Feed */ = {
			isa = PBXGroup;
			children = (
				9ABC01FE2B448D4B0067A4F4 /* FeedPresenter.swift */,
				9ABC01BD2B4479DA0067A4F4 /* FeedViewController.swift */,
				9A3092192B4B0C1300A9FA5F /* Views */,
				9A3092162B4AEBE200A9FA5F /* Models */,
			);
			path = Feed;
			sourceTree = "<group>";
		};
		9ABC01F32B4488E50067A4F4 /* Resources */ = {
			isa = PBXGroup;
			children = (
				9ABC01C22B4479DB0067A4F4 /* Assets.xcassets */,
			);
			path = Resources;
			sourceTree = "<group>";
		};
		9AF5E3682B50AD4B007D3EFB /* ImageService */ = {
			isa = PBXGroup;
			children = (
				9AF5E3692B50AD55007D3EFB /* ImageService.swift */,
			);
			path = ImageService;
			sourceTree = "<group>";
		};
/* End PBXGroup section */

/* Begin PBXNativeTarget section */
		9ABC01B52B4479DA0067A4F4 /* RedditReaderMVP */ = {
			isa = PBXNativeTarget;
			buildConfigurationList = 9ABC01E02B4479DB0067A4F4 /* Build configuration list for PBXNativeTarget "RedditReaderMVP" */;
			buildPhases = (
				9ABC01B22B4479DA0067A4F4 /* Sources */,
				9ABC01B32B4479DA0067A4F4 /* Frameworks */,
				9ABC01B42B4479DA0067A4F4 /* Resources */,
			);
			buildRules = (
			);
			dependencies = (
			);
			name = RedditReaderMVP;
			productName = RedditReaderMVP;
			productReference = 9ABC01B62B4479DA0067A4F4 /* RedditReaderMVP.app */;
			productType = "com.apple.product-type.application";
		};
		9ABC01CB2B4479DB0067A4F4 /* RedditReaderMVPTests */ = {
			isa = PBXNativeTarget;
			buildConfigurationList = 9ABC01E32B4479DB0067A4F4 /* Build configuration list for PBXNativeTarget "RedditReaderMVPTests" */;
			buildPhases = (
				9ABC01C82B4479DB0067A4F4 /* Sources */,
				9ABC01C92B4479DB0067A4F4 /* Frameworks */,
				9ABC01CA2B4479DB0067A4F4 /* Resources */,
			);
			buildRules = (
			);
			dependencies = (
				9ABC01CE2B4479DB0067A4F4 /* PBXTargetDependency */,
			);
			name = RedditReaderMVPTests;
			productName = RedditReaderMVPTests;
			productReference = 9ABC01CC2B4479DB0067A4F4 /* RedditReaderMVPTests.xctest */;
			productType = "com.apple.product-type.bundle.unit-test";
		};
		9ABC01D52B4479DB0067A4F4 /* RedditReaderMVPUITests */ = {
			isa = PBXNativeTarget;
			buildConfigurationList = 9ABC01E62B4479DB0067A4F4 /* Build configuration list for PBXNativeTarget "RedditReaderMVPUITests" */;
			buildPhases = (
				9ABC01D22B4479DB0067A4F4 /* Sources */,
				9ABC01D32B4479DB0067A4F4 /* Frameworks */,
				9ABC01D42B4479DB0067A4F4 /* Resources */,
			);
			buildRules = (
			);
			dependencies = (
				9ABC01D82B4479DB0067A4F4 /* PBXTargetDependency */,
			);
			name = RedditReaderMVPUITests;
			productName = RedditReaderMVPUITests;
			productReference = 9ABC01D62B4479DB0067A4F4 /* RedditReaderMVPUITests.xctest */;
			productType = "com.apple.product-type.bundle.ui-testing";
		};
/* End PBXNativeTarget section */

/* Begin PBXProject section */
		9ABC01AE2B4479DA0067A4F4 /* Project object */ = {
			isa = PBXProject;
			attributes = {
				BuildIndependentTargetsInParallel = 1;
				LastSwiftUpdateCheck = 1430;
				LastUpgradeCheck = 1430;
				TargetAttributes = {
					9ABC01B52B4479DA0067A4F4 = {
						CreatedOnToolsVersion = 14.3.1;
					};
					9ABC01CB2B4479DB0067A4F4 = {
						CreatedOnToolsVersion = 14.3.1;
						TestTargetID = 9ABC01B52B4479DA0067A4F4;
					};
					9ABC01D52B4479DB0067A4F4 = {
						CreatedOnToolsVersion = 14.3.1;
						TestTargetID = 9ABC01B52B4479DA0067A4F4;
					};
				};
			};
			buildConfigurationList = 9ABC01B12B4479DA0067A4F4 /* Build configuration list for PBXProject "RedditReaderMVP" */;
			compatibilityVersion = "Xcode 14.0";
			developmentRegion = en;
			hasScannedForEncodings = 0;
			knownRegions = (
				en,
				Base,
			);
			mainGroup = 9ABC01AD2B4479DA0067A4F4;
			productRefGroup = 9ABC01B72B4479DA0067A4F4 /* Products */;
			projectDirPath = "";
			projectRoot = "";
			targets = (
				9ABC01B52B4479DA0067A4F4 /* RedditReaderMVP */,
				9ABC01CB2B4479DB0067A4F4 /* RedditReaderMVPTests */,
				9ABC01D52B4479DB0067A4F4 /* RedditReaderMVPUITests */,
			);
		};
/* End PBXProject section */

/* Begin PBXResourcesBuildPhase section */
		9ABC01B42B4479DA0067A4F4 /* Resources */ = {
			isa = PBXResourcesBuildPhase;
			buildActionMask = 2147483647;
			files = (
				9ABC01F72B4489220067A4F4 /* FeedView.xib in Resources */,
				9ABC01C32B4479DB0067A4F4 /* Assets.xcassets in Resources */,
				9A30921D2B4B0C6000A9FA5F /* FeedItemCell.xib in Resources */,
			);
			runOnlyForDeploymentPostprocessing = 0;
		};
		9ABC01CA2B4479DB0067A4F4 /* Resources */ = {
			isa = PBXResourcesBuildPhase;
			buildActionMask = 2147483647;
			files = (
			);
			runOnlyForDeploymentPostprocessing = 0;
		};
		9ABC01D42B4479DB0067A4F4 /* Resources */ = {
			isa = PBXResourcesBuildPhase;
			buildActionMask = 2147483647;
			files = (
			);
			runOnlyForDeploymentPostprocessing = 0;
		};
/* End PBXResourcesBuildPhase section */

/* Begin PBXSourcesBuildPhase section */
		9ABC01B22B4479DA0067A4F4 /* Sources */ = {
			isa = PBXSourcesBuildPhase;
			buildActionMask = 2147483647;
			files = (
				9A3092182B4AEBF200A9FA5F /* FeedItem.swift in Sources */,
				9A30920F2B49C8D500A9FA5F /* NetworkLogger.swift in Sources */,
				9ABC01FD2B448C4E0067A4F4 /* UIView+NibLoading.swift in Sources */,
				9ABC01F52B44891A0067A4F4 /* FeedView.swift in Sources */,
				9A3092032B49AC0D00A9FA5F /* EndPointType.swift in Sources */,
				9A3091FF2B49AB6F00A9FA5F /* ParameterEncoding.swift in Sources */,
				9A30921B2B4B0C3D00A9FA5F /* FeedItemCell.swift in Sources */,
				9ABC01BE2B4479DA0067A4F4 /* FeedViewController.swift in Sources */,
				9AF5E36A2B50AD55007D3EFB /* ImageService.swift in Sources */,
				9ABC01BA2B4479DA0067A4F4 /* AppDelegate.swift in Sources */,
				9ABC01FF2B448D4B0067A4F4 /* FeedPresenter.swift in Sources */,
				9A3092232B4B134B00A9FA5F /* Feed.swift in Sources */,
				9AF5E36C2B50B294007D3EFB /* UIImageView+Download.swift in Sources */,
				9A3092072B49AC3800A9FA5F /* HTTPTask.swift in Sources */,
				9A30920B2B49BA8F00A9FA5F /* URLParameterEncoder.swift in Sources */,
				9A3092152B4AEBA700A9FA5F /* NetworkManager.swift in Sources */,
				9A3092092B49BA6600A9FA5F /* JSONParameterEncoder.swift in Sources */,
				9ABC01FA2B448BEB0067A4F4 /* XibLoadable.swift in Sources */,
				9A3092122B4AEAE600A9FA5F /* RedditTarget.swift in Sources */,
				9A30921F2B4B0F5F00A9FA5F /* Reusable.swift in Sources */,
				9A3092052B49AC2100A9FA5F /* HTTPMethod.swift in Sources */,
				9A3092212B4B0FC900A9FA5F /* UITableView+RegisterCell.swift in Sources */,
				9AF5E3672B509F89007D3EFB /* MediaTarget.swift in Sources */,
				9A30920D2B49C58D00A9FA5F /* NetworkRouter.swift in Sources */,
			);
			runOnlyForDeploymentPostprocessing = 0;
		};
		9ABC01C82B4479DB0067A4F4 /* Sources */ = {
			isa = PBXSourcesBuildPhase;
			buildActionMask = 2147483647;
			files = (
				9ABC01D12B4479DB0067A4F4 /* RedditReaderMVPTests.swift in Sources */,
			);
			runOnlyForDeploymentPostprocessing = 0;
		};
		9ABC01D22B4479DB0067A4F4 /* Sources */ = {
			isa = PBXSourcesBuildPhase;
			buildActionMask = 2147483647;
			files = (
				9ABC01DB2B4479DB0067A4F4 /* RedditReaderMVPUITests.swift in Sources */,
				9ABC01DD2B4479DB0067A4F4 /* RedditReaderMVPUITestsLaunchTests.swift in Sources */,
			);
			runOnlyForDeploymentPostprocessing = 0;
		};
/* End PBXSourcesBuildPhase section */

/* Begin PBXTargetDependency section */
		9ABC01CE2B4479DB0067A4F4 /* PBXTargetDependency */ = {
			isa = PBXTargetDependency;
			target = 9ABC01B52B4479DA0067A4F4 /* RedditReaderMVP */;
			targetProxy = 9ABC01CD2B4479DB0067A4F4 /* PBXContainerItemProxy */;
		};
		9ABC01D82B4479DB0067A4F4 /* PBXTargetDependency */ = {
			isa = PBXTargetDependency;
			target = 9ABC01B52B4479DA0067A4F4 /* RedditReaderMVP */;
			targetProxy = 9ABC01D72B4479DB0067A4F4 /* PBXContainerItemProxy */;
		};
/* End PBXTargetDependency section */

/* Begin XCBuildConfiguration section */
		9ABC01DE2B4479DB0067A4F4 /* Debug */ = {
			isa = XCBuildConfiguration;
			buildSettings = {
				ALWAYS_SEARCH_USER_PATHS = NO;
				CLANG_ANALYZER_NONNULL = YES;
				CLANG_ANALYZER_NUMBER_OBJECT_CONVERSION = YES_AGGRESSIVE;
				CLANG_CXX_LANGUAGE_STANDARD = "gnu++20";
				CLANG_ENABLE_MODULES = YES;
				CLANG_ENABLE_OBJC_ARC = YES;
				CLANG_ENABLE_OBJC_WEAK = YES;
				CLANG_WARN_BLOCK_CAPTURE_AUTORELEASING = YES;
				CLANG_WARN_BOOL_CONVERSION = YES;
				CLANG_WARN_COMMA = YES;
				CLANG_WARN_CONSTANT_CONVERSION = YES;
				CLANG_WARN_DEPRECATED_OBJC_IMPLEMENTATIONS = YES;
				CLANG_WARN_DIRECT_OBJC_ISA_USAGE = YES_ERROR;
				CLANG_WARN_DOCUMENTATION_COMMENTS = YES;
				CLANG_WARN_EMPTY_BODY = YES;
				CLANG_WARN_ENUM_CONVERSION = YES;
				CLANG_WARN_INFINITE_RECURSION = YES;
				CLANG_WARN_INT_CONVERSION = YES;
				CLANG_WARN_NON_LITERAL_NULL_CONVERSION = YES;
				CLANG_WARN_OBJC_IMPLICIT_RETAIN_SELF = YES;
				CLANG_WARN_OBJC_LITERAL_CONVERSION = YES;
				CLANG_WARN_OBJC_ROOT_CLASS = YES_ERROR;
				CLANG_WARN_QUOTED_INCLUDE_IN_FRAMEWORK_HEADER = YES;
				CLANG_WARN_RANGE_LOOP_ANALYSIS = YES;
				CLANG_WARN_STRICT_PROTOTYPES = YES;
				CLANG_WARN_SUSPICIOUS_MOVE = YES;
				CLANG_WARN_UNGUARDED_AVAILABILITY = YES_AGGRESSIVE;
				CLANG_WARN_UNREACHABLE_CODE = YES;
				CLANG_WARN__DUPLICATE_METHOD_MATCH = YES;
				COPY_PHASE_STRIP = NO;
				DEBUG_INFORMATION_FORMAT = dwarf;
				ENABLE_STRICT_OBJC_MSGSEND = YES;
				ENABLE_TESTABILITY = YES;
				GCC_C_LANGUAGE_STANDARD = gnu11;
				GCC_DYNAMIC_NO_PIC = NO;
				GCC_NO_COMMON_BLOCKS = YES;
				GCC_OPTIMIZATION_LEVEL = 0;
				GCC_PREPROCESSOR_DEFINITIONS = (
					"DEBUG=1",
					"$(inherited)",
				);
				GCC_WARN_64_TO_32_BIT_CONVERSION = YES;
				GCC_WARN_ABOUT_RETURN_TYPE = YES_ERROR;
				GCC_WARN_UNDECLARED_SELECTOR = YES;
				GCC_WARN_UNINITIALIZED_AUTOS = YES_AGGRESSIVE;
				GCC_WARN_UNUSED_FUNCTION = YES;
				GCC_WARN_UNUSED_VARIABLE = YES;
				IPHONEOS_DEPLOYMENT_TARGET = 16.4;
				MTL_ENABLE_DEBUG_INFO = INCLUDE_SOURCE;
				MTL_FAST_MATH = YES;
				ONLY_ACTIVE_ARCH = YES;
				SDKROOT = iphoneos;
				SWIFT_ACTIVE_COMPILATION_CONDITIONS = DEBUG;
				SWIFT_OPTIMIZATION_LEVEL = "-Onone";
			};
			name = Debug;
		};
		9ABC01DF2B4479DB0067A4F4 /* Release */ = {
			isa = XCBuildConfiguration;
			buildSettings = {
				ALWAYS_SEARCH_USER_PATHS = NO;
				CLANG_ANALYZER_NONNULL = YES;
				CLANG_ANALYZER_NUMBER_OBJECT_CONVERSION = YES_AGGRESSIVE;
				CLANG_CXX_LANGUAGE_STANDARD = "gnu++20";
				CLANG_ENABLE_MODULES = YES;
				CLANG_ENABLE_OBJC_ARC = YES;
				CLANG_ENABLE_OBJC_WEAK = YES;
				CLANG_WARN_BLOCK_CAPTURE_AUTORELEASING = YES;
				CLANG_WARN_BOOL_CONVERSION = YES;
				CLANG_WARN_COMMA = YES;
				CLANG_WARN_CONSTANT_CONVERSION = YES;
				CLANG_WARN_DEPRECATED_OBJC_IMPLEMENTATIONS = YES;
				CLANG_WARN_DIRECT_OBJC_ISA_USAGE = YES_ERROR;
				CLANG_WARN_DOCUMENTATION_COMMENTS = YES;
				CLANG_WARN_EMPTY_BODY = YES;
				CLANG_WARN_ENUM_CONVERSION = YES;
				CLANG_WARN_INFINITE_RECURSION = YES;
				CLANG_WARN_INT_CONVERSION = YES;
				CLANG_WARN_NON_LITERAL_NULL_CONVERSION = YES;
				CLANG_WARN_OBJC_IMPLICIT_RETAIN_SELF = YES;
				CLANG_WARN_OBJC_LITERAL_CONVERSION = YES;
				CLANG_WARN_OBJC_ROOT_CLASS = YES_ERROR;
				CLANG_WARN_QUOTED_INCLUDE_IN_FRAMEWORK_HEADER = YES;
				CLANG_WARN_RANGE_LOOP_ANALYSIS = YES;
				CLANG_WARN_STRICT_PROTOTYPES = YES;
				CLANG_WARN_SUSPICIOUS_MOVE = YES;
				CLANG_WARN_UNGUARDED_AVAILABILITY = YES_AGGRESSIVE;
				CLANG_WARN_UNREACHABLE_CODE = YES;
				CLANG_WARN__DUPLICATE_METHOD_MATCH = YES;
				COPY_PHASE_STRIP = NO;
				DEBUG_INFORMATION_FORMAT = "dwarf-with-dsym";
				ENABLE_NS_ASSERTIONS = NO;
				ENABLE_STRICT_OBJC_MSGSEND = YES;
				GCC_C_LANGUAGE_STANDARD = gnu11;
				GCC_NO_COMMON_BLOCKS = YES;
				GCC_WARN_64_TO_32_BIT_CONVERSION = YES;
				GCC_WARN_ABOUT_RETURN_TYPE = YES_ERROR;
				GCC_WARN_UNDECLARED_SELECTOR = YES;
				GCC_WARN_UNINITIALIZED_AUTOS = YES_AGGRESSIVE;
				GCC_WARN_UNUSED_FUNCTION = YES;
				GCC_WARN_UNUSED_VARIABLE = YES;
				IPHONEOS_DEPLOYMENT_TARGET = 16.4;
				MTL_ENABLE_DEBUG_INFO = NO;
				MTL_FAST_MATH = YES;
				SDKROOT = iphoneos;
				SWIFT_COMPILATION_MODE = wholemodule;
				SWIFT_OPTIMIZATION_LEVEL = "-O";
				VALIDATE_PRODUCT = YES;
			};
			name = Release;
		};
		9ABC01E12B4479DB0067A4F4 /* Debug */ = {
			isa = XCBuildConfiguration;
			buildSettings = {
				ASSETCATALOG_COMPILER_APPICON_NAME = AppIcon;
				ASSETCATALOG_COMPILER_GLOBAL_ACCENT_COLOR_NAME = AccentColor;
				CODE_SIGN_STYLE = Automatic;
				CURRENT_PROJECT_VERSION = 1;
				DEVELOPMENT_TEAM = 4SZLS5SJ8N;
				GENERATE_INFOPLIST_FILE = YES;
				INFOPLIST_FILE = RedditReaderMVP/Info.plist;
				INFOPLIST_KEY_UIApplicationSupportsIndirectInputEvents = YES;
				INFOPLIST_KEY_UILaunchStoryboardName = LaunchScreen.storyboard;
				INFOPLIST_KEY_UIMainStoryboardFile = "";
				INFOPLIST_KEY_UIRequiresFullScreen = NO;
				INFOPLIST_KEY_UIStatusBarStyle = "";
				INFOPLIST_KEY_UISupportedInterfaceOrientations_iPad = "UIInterfaceOrientationPortrait UIInterfaceOrientationPortraitUpsideDown UIInterfaceOrientationLandscapeLeft UIInterfaceOrientationLandscapeRight";
				INFOPLIST_KEY_UISupportedInterfaceOrientations_iPhone = "UIInterfaceOrientationPortrait UIInterfaceOrientationLandscapeLeft UIInterfaceOrientationLandscapeRight";
				LD_RUNPATH_SEARCH_PATHS = (
					"$(inherited)",
					"@executable_path/Frameworks",
				);
				MARKETING_VERSION = 1.0;
				PRODUCT_BUNDLE_IDENTIFIER = idkek.RedditReaderMVP;
				PRODUCT_NAME = "$(TARGET_NAME)";
				SWIFT_EMIT_LOC_STRINGS = YES;
				SWIFT_VERSION = 5.0;
				TARGETED_DEVICE_FAMILY = "1,2";
			};
			name = Debug;
		};
		9ABC01E22B4479DB0067A4F4 /* Release */ = {
			isa = XCBuildConfiguration;
			buildSettings = {
				ASSETCATALOG_COMPILER_APPICON_NAME = AppIcon;
				ASSETCATALOG_COMPILER_GLOBAL_ACCENT_COLOR_NAME = AccentColor;
				CODE_SIGN_STYLE = Automatic;
				CURRENT_PROJECT_VERSION = 1;
				DEVELOPMENT_TEAM = 4SZLS5SJ8N;
				GENERATE_INFOPLIST_FILE = YES;
				INFOPLIST_FILE = RedditReaderMVP/Info.plist;
				INFOPLIST_KEY_UIApplicationSupportsIndirectInputEvents = YES;
				INFOPLIST_KEY_UILaunchStoryboardName = LaunchScreen.storyboard;
				INFOPLIST_KEY_UIMainStoryboardFile = "";
				INFOPLIST_KEY_UIRequiresFullScreen = NO;
				INFOPLIST_KEY_UIStatusBarStyle = "";
				INFOPLIST_KEY_UISupportedInterfaceOrientations_iPad = "UIInterfaceOrientationPortrait UIInterfaceOrientationPortraitUpsideDown UIInterfaceOrientationLandscapeLeft UIInterfaceOrientationLandscapeRight";
				INFOPLIST_KEY_UISupportedInterfaceOrientations_iPhone = "UIInterfaceOrientationPortrait UIInterfaceOrientationLandscapeLeft UIInterfaceOrientationLandscapeRight";
				LD_RUNPATH_SEARCH_PATHS = (
					"$(inherited)",
					"@executable_path/Frameworks",
				);
				MARKETING_VERSION = 1.0;
				PRODUCT_BUNDLE_IDENTIFIER = idkek.RedditReaderMVP;
				PRODUCT_NAME = "$(TARGET_NAME)";
				SWIFT_EMIT_LOC_STRINGS = YES;
				SWIFT_VERSION = 5.0;
				TARGETED_DEVICE_FAMILY = "1,2";
			};
			name = Release;
		};
		9ABC01E42B4479DB0067A4F4 /* Debug */ = {
			isa = XCBuildConfiguration;
			buildSettings = {
				ALWAYS_EMBED_SWIFT_STANDARD_LIBRARIES = YES;
				BUNDLE_LOADER = "$(TEST_HOST)";
				CODE_SIGN_STYLE = Automatic;
				CURRENT_PROJECT_VERSION = 1;
				DEVELOPMENT_TEAM = 4SZLS5SJ8N;
				GENERATE_INFOPLIST_FILE = YES;
				IPHONEOS_DEPLOYMENT_TARGET = 16.4;
				MARKETING_VERSION = 1.0;
				PRODUCT_BUNDLE_IDENTIFIER = idkek.RedditReaderMVPTests;
				PRODUCT_NAME = "$(TARGET_NAME)";
				SWIFT_EMIT_LOC_STRINGS = NO;
				SWIFT_VERSION = 5.0;
				TARGETED_DEVICE_FAMILY = "1,2";
				TEST_HOST = "$(BUILT_PRODUCTS_DIR)/RedditReaderMVP.app/$(BUNDLE_EXECUTABLE_FOLDER_PATH)/RedditReaderMVP";
			};
			name = Debug;
		};
		9ABC01E52B4479DB0067A4F4 /* Release */ = {
			isa = XCBuildConfiguration;
			buildSettings = {
				ALWAYS_EMBED_SWIFT_STANDARD_LIBRARIES = YES;
				BUNDLE_LOADER = "$(TEST_HOST)";
				CODE_SIGN_STYLE = Automatic;
				CURRENT_PROJECT_VERSION = 1;
				DEVELOPMENT_TEAM = 4SZLS5SJ8N;
				GENERATE_INFOPLIST_FILE = YES;
				IPHONEOS_DEPLOYMENT_TARGET = 16.4;
				MARKETING_VERSION = 1.0;
				PRODUCT_BUNDLE_IDENTIFIER = idkek.RedditReaderMVPTests;
				PRODUCT_NAME = "$(TARGET_NAME)";
				SWIFT_EMIT_LOC_STRINGS = NO;
				SWIFT_VERSION = 5.0;
				TARGETED_DEVICE_FAMILY = "1,2";
				TEST_HOST = "$(BUILT_PRODUCTS_DIR)/RedditReaderMVP.app/$(BUNDLE_EXECUTABLE_FOLDER_PATH)/RedditReaderMVP";
			};
			name = Release;
		};
		9ABC01E72B4479DB0067A4F4 /* Debug */ = {
			isa = XCBuildConfiguration;
			buildSettings = {
				ALWAYS_EMBED_SWIFT_STANDARD_LIBRARIES = YES;
				CODE_SIGN_STYLE = Automatic;
				CURRENT_PROJECT_VERSION = 1;
				DEVELOPMENT_TEAM = 4SZLS5SJ8N;
				GENERATE_INFOPLIST_FILE = YES;
				MARKETING_VERSION = 1.0;
				PRODUCT_BUNDLE_IDENTIFIER = idkek.RedditReaderMVPUITests;
				PRODUCT_NAME = "$(TARGET_NAME)";
				SWIFT_EMIT_LOC_STRINGS = NO;
				SWIFT_VERSION = 5.0;
				TARGETED_DEVICE_FAMILY = "1,2";
				TEST_TARGET_NAME = RedditReaderMVP;
			};
			name = Debug;
		};
		9ABC01E82B4479DB0067A4F4 /* Release */ = {
			isa = XCBuildConfiguration;
			buildSettings = {
				ALWAYS_EMBED_SWIFT_STANDARD_LIBRARIES = YES;
				CODE_SIGN_STYLE = Automatic;
				CURRENT_PROJECT_VERSION = 1;
				DEVELOPMENT_TEAM = 4SZLS5SJ8N;
				GENERATE_INFOPLIST_FILE = YES;
				MARKETING_VERSION = 1.0;
				PRODUCT_BUNDLE_IDENTIFIER = idkek.RedditReaderMVPUITests;
				PRODUCT_NAME = "$(TARGET_NAME)";
				SWIFT_EMIT_LOC_STRINGS = NO;
				SWIFT_VERSION = 5.0;
				TARGETED_DEVICE_FAMILY = "1,2";
				TEST_TARGET_NAME = RedditReaderMVP;
			};
			name = Release;
		};
/* End XCBuildConfiguration section */

/* Begin XCConfigurationList section */
		9ABC01B12B4479DA0067A4F4 /* Build configuration list for PBXProject "RedditReaderMVP" */ = {
			isa = XCConfigurationList;
			buildConfigurations = (
				9ABC01DE2B4479DB0067A4F4 /* Debug */,
				9ABC01DF2B4479DB0067A4F4 /* Release */,
			);
			defaultConfigurationIsVisible = 0;
			defaultConfigurationName = Release;
		};
		9ABC01E02B4479DB0067A4F4 /* Build configuration list for PBXNativeTarget "RedditReaderMVP" */ = {
			isa = XCConfigurationList;
			buildConfigurations = (
				9ABC01E12B4479DB0067A4F4 /* Debug */,
				9ABC01E22B4479DB0067A4F4 /* Release */,
			);
			defaultConfigurationIsVisible = 0;
			defaultConfigurationName = Release;
		};
		9ABC01E32B4479DB0067A4F4 /* Build configuration list for PBXNativeTarget "RedditReaderMVPTests" */ = {
			isa = XCConfigurationList;
			buildConfigurations = (
				9ABC01E42B4479DB0067A4F4 /* Debug */,
				9ABC01E52B4479DB0067A4F4 /* Release */,
			);
			defaultConfigurationIsVisible = 0;
			defaultConfigurationName = Release;
		};
		9ABC01E62B4479DB0067A4F4 /* Build configuration list for PBXNativeTarget "RedditReaderMVPUITests" */ = {
			isa = XCConfigurationList;
			buildConfigurations = (
				9ABC01E72B4479DB0067A4F4 /* Debug */,
				9ABC01E82B4479DB0067A4F4 /* Release */,
			);
			defaultConfigurationIsVisible = 0;
			defaultConfigurationName = Release;
		};
/* End XCConfigurationList section */
	};
	rootObject = 9ABC01AE2B4479DA0067A4F4 /* Project object */;
}
